
Microsoft Visual Studio Solution File, Format Version 12.00
# Visual Studio Version 17
VisualStudioVersion = 17.5.002.0
MinimumVisualStudioVersion = 10.0.40219.1
Project("{9A19103F-16F7-4668-BE54-9A1E7A4F7556}") = "Gateway.Client", "Gateway.Client.csproj", "{8FCEC6EF-4CAA-45CD-8CCE-52261F2D83BA}"
EndProject
Global
	GlobalSection(SolutionConfigurationPlatforms) = preSolution
		Debug|Any CPU = Debug|Any CPU
		Release|Any CPU = Release|Any CPU
	EndGlobalSection
	GlobalSection(ProjectConfigurationPlatforms) = postSolution
		{8FCEC6EF-4CAA-45CD-8CCE-52261F2D83BA}.Debug|Any CPU.ActiveCfg = Debug|Any CPU
		{8FCEC6EF-4CAA-45CD-8CCE-52261F2D83BA}.Debug|Any CPU.Build.0 = Debug|Any CPU
		{8FCEC6EF-4CAA-45CD-8CCE-52261F2D83BA}.Release|Any CPU.ActiveCfg = Release|Any CPU
		{8FCEC6EF-4CAA-45CD-8CCE-52261F2D83BA}.Release|Any CPU.Build.0 = Release|Any CPU
	EndGlobalSection
	GlobalSection(SolutionProperties) = preSolution
		HideSolutionNode = FALSE
	EndGlobalSection
	GlobalSection(ExtensibilityGlobals) = postSolution
		SolutionGuid = {76F87613-9ABD-4E4B-867E-ACCF363885C5}
	EndGlobalSection
EndGlobal
