
Microsoft Visual Studio Solution File, Format Version 12.00
Project("{2150E333-8FDC-42A3-9474-1A3956D46DE8}") = "src", "src", "{9BBA9B8C-370F-4334-9E88-D5B246139818}"
EndProject
Project("{2150E333-8FDC-42A3-9474-1A3956D46DE8}") = "solution items", "solution items", "{9C1B1C3B-F530-4345-B61E-FDB2A38612AE}"
	ProjectSection(SolutionItems) = preProject
		Directory.Build.props = Directory.Build.props
		README.md = README.md
	EndProjectSection
EndProject
Project("{FAE04EC0-301F-11D3-BF4B-00C04F79EFBC}") = "FastGateway", "src\FastGateway\FastGateway.csproj", "{0503A140-FADC-491A-8141-13FF103B205E}"
EndProject
Project("{FAE04EC0-301F-11D3-BF4B-00C04F79EFBC}") = "FastGateway.Core", "src\FastGateway.Core\FastGateway.Core.csproj", "{9EE939F2-5D0E-4AA1-80DA-43BF0111C3C6}"
EndProject
Global
	GlobalSection(SolutionConfigurationPlatforms) = preSolution
		Debug|Any CPU = Debug|Any CPU
		Release|Any CPU = Release|Any CPU
	EndGlobalSection
	GlobalSection(ProjectConfigurationPlatforms) = postSolution
		{0503A140-FADC-491A-8141-13FF103B205E}.Debug|Any CPU.ActiveCfg = Debug|Any CPU
		{0503A140-FADC-491A-8141-13FF103B205E}.Debug|Any CPU.Build.0 = Debug|Any CPU
		{0503A140-FADC-491A-8141-13FF103B205E}.Release|Any CPU.ActiveCfg = Release|Any CPU
		{0503A140-FADC-491A-8141-13FF103B205E}.Release|Any CPU.Build.0 = Release|Any CPU
		{9EE939F2-5D0E-4AA1-80DA-43BF0111C3C6}.Debug|Any CPU.ActiveCfg = Debug|Any CPU
		{9EE939F2-5D0E-4AA1-80DA-43BF0111C3C6}.Debug|Any CPU.Build.0 = Debug|Any CPU
		{9EE939F2-5D0E-4AA1-80DA-43BF0111C3C6}.Release|Any CPU.ActiveCfg = Release|Any CPU
		{9EE939F2-5D0E-4AA1-80DA-43BF0111C3C6}.Release|Any CPU.Build.0 = Release|Any CPU
	EndGlobalSection
	GlobalSection(NestedProjects) = preSolution
		{0503A140-FADC-491A-8141-13FF103B205E} = {9BBA9B8C-370F-4334-9E88-D5B246139818}
		{9EE939F2-5D0E-4AA1-80DA-43BF0111C3C6} = {9BBA9B8C-370F-4334-9E88-D5B246139818}
	EndGlobalSection
EndGlobal
